
Microsoft Visual Studio Solution File, Format Version 12.00
# Visual Studio 15
VisualStudioVersion = 15.0.28307.136
MinimumVisualStudioVersion = 10.0.40219.1
Project("{FAE04EC0-301F-11D3-BF4B-00C04F79EFBC}") = "OdeToFood", "OdeToFood\OdeToFood.csproj", "{5658B42E-5468-4F10-878C-CD64E5E8916B}"
EndProject
Project("{FAE04EC0-301F-11D3-BF4B-00C04F79EFBC}") = "OdeToFood.Tests", "OdeToFood.Tests\OdeToFood.Tests.csproj", "{89EC97AD-A7D5-4719-802E-B92363DF9198}"
EndProject
Global
	GlobalSection(SolutionConfigurationPlatforms) = preSolution
		Debug|Any CPU = Debug|Any CPU
		Release|Any CPU = Release|Any CPU
	EndGlobalSection
	GlobalSection(ProjectConfigurationPlatforms) = postSolution
		{5658B42E-5468-4F10-878C-CD64E5E8916B}.Debug|Any CPU.ActiveCfg = Debug|Any CPU
		{5658B42E-5468-4F10-878C-CD64E5E8916B}.Debug|Any CPU.Build.0 = Debug|Any CPU
		{5658B42E-5468-4F10-878C-CD64E5E8916B}.Release|Any CPU.ActiveCfg = Release|Any CPU
		{5658B42E-5468-4F10-878C-CD64E5E8916B}.Release|Any CPU.Build.0 = Release|Any CPU
		{89EC97AD-A7D5-4719-802E-B92363DF9198}.Debug|Any CPU.ActiveCfg = Debug|Any CPU
		{89EC97AD-A7D5-4719-802E-B92363DF9198}.Debug|Any CPU.Build.0 = Debug|Any CPU
		{89EC97AD-A7D5-4719-802E-B92363DF9198}.Release|Any CPU.ActiveCfg = Release|Any CPU
		{89EC97AD-A7D5-4719-802E-B92363DF9198}.Release|Any CPU.Build.0 = Release|Any CPU
	EndGlobalSection
	GlobalSection(SolutionProperties) = preSolution
		HideSolutionNode = FALSE
	EndGlobalSection
	GlobalSection(ExtensibilityGlobals) = postSolution
		SolutionGuid = {AA1A3947-39DD-4B56-A4FD-5AA92DD3C96D}
	EndGlobalSection
EndGlobal
